
Microsoft Visual Studio Solution File, Format Version 12.00
# Visual Studio Version 17
VisualStudioVersion = 17.9.34902.65
MinimumVisualStudioVersion = 10.0.40219.1
Project("{FAE04EC0-301F-11D3-BF4B-00C04F79EFBC}") = "Full", "Full\Full.csproj", "{C43C7672-0C99-4BB6-8BC4-DB22B156A153}"
EndProject
Global
	GlobalSection(SolutionConfigurationPlatforms) = preSolution
		Debug|Any CPU = Debug|Any CPU
		Release|Any CPU = Release|Any CPU
	EndGlobalSection
	GlobalSection(ProjectConfigurationPlatforms) = postSolution
		{C43C7672-0C99-4BB6-8BC4-DB22B156A153}.Debug|Any CPU.ActiveCfg = Debug|Any CPU
		{C43C7672-0C99-4BB6-8BC4-DB22B156A153}.Debug|Any CPU.Build.0 = Debug|Any CPU
		{C43C7672-0C99-4BB6-8BC4-DB22B156A153}.Release|Any CPU.ActiveCfg = Release|Any CPU
		{C43C7672-0C99-4BB6-8BC4-DB22B156A153}.Release|Any CPU.Build.0 = Release|Any CPU
	EndGlobalSection
	GlobalSection(SolutionProperties) = preSolution
		HideSolutionNode = FALSE
	EndGlobalSection
	GlobalSection(ExtensibilityGlobals) = postSolution
		SolutionGuid = {844FF8C7-E775-49A6-AC06-32D8E12C4E58}
	EndGlobalSection
EndGlobal
